
Microsoft Visual Studio Solution File, Format Version 12.00
# Visual Studio 15
VisualStudioVersion = 15.0.27004.2005
MinimumVisualStudioVersion = 10.0.40219.1
Project("{FAE04EC0-301F-11D3-BF4B-00C04F79EFBC}") = "SearchableFolderTree", "SearchableFolderTree\SearchableFolderTree.csproj", "{265D69E7-3F12-4D00-ADA5-19FD3F6422F7}"
EndProject
Global
	GlobalSection(SolutionConfigurationPlatforms) = preSolution
		Debug|Any CPU = Debug|Any CPU
		Release|Any CPU = Release|Any CPU
	EndGlobalSection
	GlobalSection(ProjectConfigurationPlatforms) = postSolution
		{265D69E7-3F12-4D00-ADA5-19FD3F6422F7}.Debug|Any CPU.ActiveCfg = Debug|Any CPU
		{265D69E7-3F12-4D00-ADA5-19FD3F6422F7}.Debug|Any CPU.Build.0 = Debug|Any CPU
		{265D69E7-3F12-4D00-ADA5-19FD3F6422F7}.Release|Any CPU.ActiveCfg = Release|Any CPU
		{265D69E7-3F12-4D00-ADA5-19FD3F6422F7}.Release|Any CPU.Build.0 = Release|Any CPU
	EndGlobalSection
	GlobalSection(SolutionProperties) = preSolution
		HideSolutionNode = FALSE
	EndGlobalSection
	GlobalSection(ExtensibilityGlobals) = postSolution
		SolutionGuid = {6B7CA33E-43D3-4FD0-BF0A-7F214B27460F}
	EndGlobalSection
EndGlobal
